{
  "name": "babylonjs-demo",
  "version": "1.0.0",
  "lockfileVersion": 3,
  "requires": true,
  "packages": {
    "": {
      "name": "babylonjs-demo",
      "version": "1.0.0",
      "license": "MIT",
      "dependencies": {
        "babylonjs": "^6.0.0"
      }
    },
    "node_modules/babylonjs": {
      "version": "6.49.0",
      "resolved": "https://registry.npmjs.org/babylonjs/-/babylonjs-6.49.0.tgz",
      "integrity": "sha512-KYGpELn2osBvB8UqGuk6gfJBrriojwisw/egXaiBZNQaNuURjjogI1mgwAz4/KJB14JJwELNw3JNB4sp3Rh5Ng==",
      "hasInstallScript": true,
      "license": "Apache-2.0"
    }
  }
}
